
Microsoft Visual Studio Solution File, Format Version 12.00
Project("{2150E333-8FDC-42A3-9474-1A3956D46DE8}") = "delegate", "delegate", "{04C5F653-85C9-47A5-AF77-E351768E7A8A}"
EndProject
Project("{FAE04EC0-301F-11D3-BF4B-00C04F79EFBC}") = "FirstDelegate", "delegate\FirstDelegate\FirstDelegate.csproj", "{5B4BAD87-582A-48BA-B781-E6090B4033EF}"
EndProject
Project("{FAE04EC0-301F-11D3-BF4B-00C04F79EFBC}") = "InvokeClassMethod", "delegate\InvokeClassMethod\InvokeClassMethod.csproj", "{4D290CF9-4BBC-48E4-A94C-C4F52DD6FBC3}"
EndProject
Project("{FAE04EC0-301F-11D3-BF4B-00C04F79EFBC}") = "Multicast", "delegate\Multicast\Multicast.csproj", "{C026181F-9A5C-4486-A2CD-C2A8C5492ACC}"
EndProject
Project("{FAE04EC0-301F-11D3-BF4B-00C04F79EFBC}") = "MulticastReturnValue", "delegate\MulticastReturnValue\MulticastReturnValue.csproj", "{84019C2F-9C1B-4135-BB9F-C4C36DEDCAC5}"
EndProject
Project("{FAE04EC0-301F-11D3-BF4B-00C04F79EFBC}") = "Generics", "delegate\Generics\Generics.csproj", "{9348D81D-27CC-47AC-B1B4-6757047CE0C9}"
EndProject
Project("{2150E333-8FDC-42A3-9474-1A3956D46DE8}") = "solid", "solid", "{DCADB866-7193-4C75-8F45-5E614D4F2ADF}"
EndProject
Project("{FAE04EC0-301F-11D3-BF4B-00C04F79EFBC}") = "srp", "srp\srp.csproj", "{4FC7007A-488B-4E7F-A3ED-DCAE0DC2CE7D}"
EndProject
Project("{FAE04EC0-301F-11D3-BF4B-00C04F79EFBC}") = "ocp", "ocp\ocp.csproj", "{1A4339AA-1D37-4211-80EA-C4FF9677889F}"
EndProject
Project("{FAE04EC0-301F-11D3-BF4B-00C04F79EFBC}") = "lsp", "lsp\lsp.csproj", "{DACF5930-E726-40A4-BCCA-9AD5584C6822}"
EndProject
Project("{FAE04EC0-301F-11D3-BF4B-00C04F79EFBC}") = "isp", "isp\isp.csproj", "{821555E3-66DC-4798-AAE2-D9F718CCB63E}"
EndProject
Project("{FAE04EC0-301F-11D3-BF4B-00C04F79EFBC}") = "dip", "dip\dip.csproj", "{76D4CF7E-4929-4386-A951-6CC1C761B310}"
EndProject
Project("{2150E333-8FDC-42A3-9474-1A3956D46DE8}") = "design-paterns", "design-paterns", "{E35031AA-F4E1-4E48-A2A3-7F1719E70C1A}"
EndProject
Project("{FAE04EC0-301F-11D3-BF4B-00C04F79EFBC}") = "creational-singleton", "creational-singleton\creational-singleton.csproj", "{B54B1A5D-AA51-4526-B28A-FF117D4D1018}"
EndProject
Project("{FAE04EC0-301F-11D3-BF4B-00C04F79EFBC}") = "creational-factory-method", "creational-factory-method\creational-factory-method.csproj", "{FE806A0A-0A98-4CFE-BC01-5E4785B210A5}"
EndProject
Project("{FAE04EC0-301F-11D3-BF4B-00C04F79EFBC}") = "creational-abstract-method", "creational-abstract-method\creational-abstract-method.csproj", "{AC5C2133-4D2E-47B1-8017-97A171689F4F}"
EndProject
Project("{FAE04EC0-301F-11D3-BF4B-00C04F79EFBC}") = "behavior-command", "behavior-command\behavior-command.csproj", "{016661B5-B1AE-477A-BF05-B92D1C59412A}"
EndProject
Project("{FAE04EC0-301F-11D3-BF4B-00C04F79EFBC}") = "behavior-memento", "behavior-memento\behavior-memento.csproj", "{13F17D59-610E-4013-A946-A9DBE47557CB}"
EndProject
Project("{FAE04EC0-301F-11D3-BF4B-00C04F79EFBC}") = "structural-adapter", "structural-adapter\structural-adapter.csproj", "{6A257FBC-D323-4982-B225-D22C5EEB94FA}"
EndProject
Project("{FAE04EC0-301F-11D3-BF4B-00C04F79EFBC}") = "structural-bridge", "structural-bridge\structural-bridge.csproj", "{049BF93B-2BE3-48C1-AE5E-C76FCBCBAB49}"
EndProject
Project("{FAE04EC0-301F-11D3-BF4B-00C04F79EFBC}") = "behavior-mediator", "behavior-mediator\behavior-mediator.csproj", "{1C38517B-C55D-41D7-96EB-61C2BFC1E06B}"
EndProject
Project("{FAE04EC0-301F-11D3-BF4B-00C04F79EFBC}") = "structural-facade", "structural-facade\structural-facade.csproj", "{72E0D290-9790-463E-8883-5B88B806E3E6}"
EndProject
Project("{FAE04EC0-301F-11D3-BF4B-00C04F79EFBC}") = "creationgal-prototype", "creationgal-prototype\creationgal-prototype.csproj", "{A93E95C9-C97C-4E3D-A0D8-6E37D945EAEA}"
EndProject
Project("{2150E333-8FDC-42A3-9474-1A3956D46DE8}") = "linq", "linq", "{078BDC10-256C-40EC-9FE8-ED4ABEB2B1A3}"
EndProject
Project("{FAE04EC0-301F-11D3-BF4B-00C04F79EFBC}") = "eager_deferred_execution", "eager_deferred_execution\eager_deferred_execution.csproj", "{566785AE-B0A5-48F7-801E-6CF0AFF4A23A}"
EndProject
Project("{2150E333-8FDC-42A3-9474-1A3956D46DE8}") = "reflection", "reflection", "{0A3E2A39-DC5F-4657-981A-D531997610EB}"
EndProject
Project("{FAE04EC0-301F-11D3-BF4B-00C04F79EFBC}") = "reflection_serialization", "reflection_serialization\reflection_serialization.csproj", "{F170ACA9-0EFD-40D0-8DA2-019A1A2285DF}"
EndProject
Project("{FAE04EC0-301F-11D3-BF4B-00C04F79EFBC}") = "three_ways_to_write_linq", "three_ways_to_write_linq\three_ways_to_write_linq.csproj", "{9742606B-A99E-4C44-9D17-8BFB267C55C1}"
EndProject
Global
	GlobalSection(SolutionConfigurationPlatforms) = preSolution
		Debug|Any CPU = Debug|Any CPU
		Release|Any CPU = Release|Any CPU
	EndGlobalSection
	GlobalSection(ProjectConfigurationPlatforms) = postSolution
		{5B4BAD87-582A-48BA-B781-E6090B4033EF}.Debug|Any CPU.ActiveCfg = Debug|Any CPU
		{5B4BAD87-582A-48BA-B781-E6090B4033EF}.Debug|Any CPU.Build.0 = Debug|Any CPU
		{5B4BAD87-582A-48BA-B781-E6090B4033EF}.Release|Any CPU.ActiveCfg = Release|Any CPU
		{5B4BAD87-582A-48BA-B781-E6090B4033EF}.Release|Any CPU.Build.0 = Release|Any CPU
		{4D290CF9-4BBC-48E4-A94C-C4F52DD6FBC3}.Debug|Any CPU.ActiveCfg = Debug|Any CPU
		{4D290CF9-4BBC-48E4-A94C-C4F52DD6FBC3}.Debug|Any CPU.Build.0 = Debug|Any CPU
		{4D290CF9-4BBC-48E4-A94C-C4F52DD6FBC3}.Release|Any CPU.ActiveCfg = Release|Any CPU
		{4D290CF9-4BBC-48E4-A94C-C4F52DD6FBC3}.Release|Any CPU.Build.0 = Release|Any CPU
		{C026181F-9A5C-4486-A2CD-C2A8C5492ACC}.Debug|Any CPU.ActiveCfg = Debug|Any CPU
		{C026181F-9A5C-4486-A2CD-C2A8C5492ACC}.Debug|Any CPU.Build.0 = Debug|Any CPU
		{C026181F-9A5C-4486-A2CD-C2A8C5492ACC}.Release|Any CPU.ActiveCfg = Release|Any CPU
		{C026181F-9A5C-4486-A2CD-C2A8C5492ACC}.Release|Any CPU.Build.0 = Release|Any CPU
		{84019C2F-9C1B-4135-BB9F-C4C36DEDCAC5}.Debug|Any CPU.ActiveCfg = Debug|Any CPU
		{84019C2F-9C1B-4135-BB9F-C4C36DEDCAC5}.Debug|Any CPU.Build.0 = Debug|Any CPU
		{84019C2F-9C1B-4135-BB9F-C4C36DEDCAC5}.Release|Any CPU.ActiveCfg = Release|Any CPU
		{84019C2F-9C1B-4135-BB9F-C4C36DEDCAC5}.Release|Any CPU.Build.0 = Release|Any CPU
		{9348D81D-27CC-47AC-B1B4-6757047CE0C9}.Debug|Any CPU.ActiveCfg = Debug|Any CPU
		{9348D81D-27CC-47AC-B1B4-6757047CE0C9}.Debug|Any CPU.Build.0 = Debug|Any CPU
		{9348D81D-27CC-47AC-B1B4-6757047CE0C9}.Release|Any CPU.ActiveCfg = Release|Any CPU
		{9348D81D-27CC-47AC-B1B4-6757047CE0C9}.Release|Any CPU.Build.0 = Release|Any CPU
		{4FC7007A-488B-4E7F-A3ED-DCAE0DC2CE7D}.Debug|Any CPU.ActiveCfg = Debug|Any CPU
		{4FC7007A-488B-4E7F-A3ED-DCAE0DC2CE7D}.Debug|Any CPU.Build.0 = Debug|Any CPU
		{4FC7007A-488B-4E7F-A3ED-DCAE0DC2CE7D}.Release|Any CPU.ActiveCfg = Release|Any CPU
		{4FC7007A-488B-4E7F-A3ED-DCAE0DC2CE7D}.Release|Any CPU.Build.0 = Release|Any CPU
		{1A4339AA-1D37-4211-80EA-C4FF9677889F}.Debug|Any CPU.ActiveCfg = Debug|Any CPU
		{1A4339AA-1D37-4211-80EA-C4FF9677889F}.Debug|Any CPU.Build.0 = Debug|Any CPU
		{1A4339AA-1D37-4211-80EA-C4FF9677889F}.Release|Any CPU.ActiveCfg = Release|Any CPU
		{1A4339AA-1D37-4211-80EA-C4FF9677889F}.Release|Any CPU.Build.0 = Release|Any CPU
		{DACF5930-E726-40A4-BCCA-9AD5584C6822}.Debug|Any CPU.ActiveCfg = Debug|Any CPU
		{DACF5930-E726-40A4-BCCA-9AD5584C6822}.Debug|Any CPU.Build.0 = Debug|Any CPU
		{DACF5930-E726-40A4-BCCA-9AD5584C6822}.Release|Any CPU.ActiveCfg = Release|Any CPU
		{DACF5930-E726-40A4-BCCA-9AD5584C6822}.Release|Any CPU.Build.0 = Release|Any CPU
		{821555E3-66DC-4798-AAE2-D9F718CCB63E}.Debug|Any CPU.ActiveCfg = Debug|Any CPU
		{821555E3-66DC-4798-AAE2-D9F718CCB63E}.Debug|Any CPU.Build.0 = Debug|Any CPU
		{821555E3-66DC-4798-AAE2-D9F718CCB63E}.Release|Any CPU.ActiveCfg = Release|Any CPU
		{821555E3-66DC-4798-AAE2-D9F718CCB63E}.Release|Any CPU.Build.0 = Release|Any CPU
		{76D4CF7E-4929-4386-A951-6CC1C761B310}.Debug|Any CPU.ActiveCfg = Debug|Any CPU
		{76D4CF7E-4929-4386-A951-6CC1C761B310}.Debug|Any CPU.Build.0 = Debug|Any CPU
		{76D4CF7E-4929-4386-A951-6CC1C761B310}.Release|Any CPU.ActiveCfg = Release|Any CPU
		{76D4CF7E-4929-4386-A951-6CC1C761B310}.Release|Any CPU.Build.0 = Release|Any CPU
		{B54B1A5D-AA51-4526-B28A-FF117D4D1018}.Debug|Any CPU.ActiveCfg = Debug|Any CPU
		{B54B1A5D-AA51-4526-B28A-FF117D4D1018}.Debug|Any CPU.Build.0 = Debug|Any CPU
		{B54B1A5D-AA51-4526-B28A-FF117D4D1018}.Release|Any CPU.ActiveCfg = Release|Any CPU
		{B54B1A5D-AA51-4526-B28A-FF117D4D1018}.Release|Any CPU.Build.0 = Release|Any CPU
		{FE806A0A-0A98-4CFE-BC01-5E4785B210A5}.Debug|Any CPU.ActiveCfg = Debug|Any CPU
		{FE806A0A-0A98-4CFE-BC01-5E4785B210A5}.Debug|Any CPU.Build.0 = Debug|Any CPU
		{FE806A0A-0A98-4CFE-BC01-5E4785B210A5}.Release|Any CPU.ActiveCfg = Release|Any CPU
		{FE806A0A-0A98-4CFE-BC01-5E4785B210A5}.Release|Any CPU.Build.0 = Release|Any CPU
		{AC5C2133-4D2E-47B1-8017-97A171689F4F}.Debug|Any CPU.ActiveCfg = Debug|Any CPU
		{AC5C2133-4D2E-47B1-8017-97A171689F4F}.Debug|Any CPU.Build.0 = Debug|Any CPU
		{AC5C2133-4D2E-47B1-8017-97A171689F4F}.Release|Any CPU.ActiveCfg = Release|Any CPU
		{AC5C2133-4D2E-47B1-8017-97A171689F4F}.Release|Any CPU.Build.0 = Release|Any CPU
		{016661B5-B1AE-477A-BF05-B92D1C59412A}.Debug|Any CPU.ActiveCfg = Debug|Any CPU
		{016661B5-B1AE-477A-BF05-B92D1C59412A}.Debug|Any CPU.Build.0 = Debug|Any CPU
		{016661B5-B1AE-477A-BF05-B92D1C59412A}.Release|Any CPU.ActiveCfg = Release|Any CPU
		{016661B5-B1AE-477A-BF05-B92D1C59412A}.Release|Any CPU.Build.0 = Release|Any CPU
		{13F17D59-610E-4013-A946-A9DBE47557CB}.Debug|Any CPU.ActiveCfg = Debug|Any CPU
		{13F17D59-610E-4013-A946-A9DBE47557CB}.Debug|Any CPU.Build.0 = Debug|Any CPU
		{13F17D59-610E-4013-A946-A9DBE47557CB}.Release|Any CPU.ActiveCfg = Release|Any CPU
		{13F17D59-610E-4013-A946-A9DBE47557CB}.Release|Any CPU.Build.0 = Release|Any CPU
		{6A257FBC-D323-4982-B225-D22C5EEB94FA}.Debug|Any CPU.ActiveCfg = Debug|Any CPU
		{6A257FBC-D323-4982-B225-D22C5EEB94FA}.Debug|Any CPU.Build.0 = Debug|Any CPU
		{6A257FBC-D323-4982-B225-D22C5EEB94FA}.Release|Any CPU.ActiveCfg = Release|Any CPU
		{6A257FBC-D323-4982-B225-D22C5EEB94FA}.Release|Any CPU.Build.0 = Release|Any CPU
		{049BF93B-2BE3-48C1-AE5E-C76FCBCBAB49}.Debug|Any CPU.ActiveCfg = Debug|Any CPU
		{049BF93B-2BE3-48C1-AE5E-C76FCBCBAB49}.Debug|Any CPU.Build.0 = Debug|Any CPU
		{049BF93B-2BE3-48C1-AE5E-C76FCBCBAB49}.Release|Any CPU.ActiveCfg = Release|Any CPU
		{049BF93B-2BE3-48C1-AE5E-C76FCBCBAB49}.Release|Any CPU.Build.0 = Release|Any CPU
		{1C38517B-C55D-41D7-96EB-61C2BFC1E06B}.Debug|Any CPU.ActiveCfg = Debug|Any CPU
		{1C38517B-C55D-41D7-96EB-61C2BFC1E06B}.Debug|Any CPU.Build.0 = Debug|Any CPU
		{1C38517B-C55D-41D7-96EB-61C2BFC1E06B}.Release|Any CPU.ActiveCfg = Release|Any CPU
		{1C38517B-C55D-41D7-96EB-61C2BFC1E06B}.Release|Any CPU.Build.0 = Release|Any CPU
		{72E0D290-9790-463E-8883-5B88B806E3E6}.Debug|Any CPU.ActiveCfg = Debug|Any CPU
		{72E0D290-9790-463E-8883-5B88B806E3E6}.Debug|Any CPU.Build.0 = Debug|Any CPU
		{72E0D290-9790-463E-8883-5B88B806E3E6}.Release|Any CPU.ActiveCfg = Release|Any CPU
		{72E0D290-9790-463E-8883-5B88B806E3E6}.Release|Any CPU.Build.0 = Release|Any CPU
		{A93E95C9-C97C-4E3D-A0D8-6E37D945EAEA}.Debug|Any CPU.ActiveCfg = Debug|Any CPU
		{A93E95C9-C97C-4E3D-A0D8-6E37D945EAEA}.Debug|Any CPU.Build.0 = Debug|Any CPU
		{A93E95C9-C97C-4E3D-A0D8-6E37D945EAEA}.Release|Any CPU.ActiveCfg = Release|Any CPU
		{A93E95C9-C97C-4E3D-A0D8-6E37D945EAEA}.Release|Any CPU.Build.0 = Release|Any CPU
		{566785AE-B0A5-48F7-801E-6CF0AFF4A23A}.Debug|Any CPU.ActiveCfg = Debug|Any CPU
		{566785AE-B0A5-48F7-801E-6CF0AFF4A23A}.Debug|Any CPU.Build.0 = Debug|Any CPU
		{566785AE-B0A5-48F7-801E-6CF0AFF4A23A}.Release|Any CPU.ActiveCfg = Release|Any CPU
		{566785AE-B0A5-48F7-801E-6CF0AFF4A23A}.Release|Any CPU.Build.0 = Release|Any CPU
		{F170ACA9-0EFD-40D0-8DA2-019A1A2285DF}.Debug|Any CPU.ActiveCfg = Debug|Any CPU
		{F170ACA9-0EFD-40D0-8DA2-019A1A2285DF}.Debug|Any CPU.Build.0 = Debug|Any CPU
		{F170ACA9-0EFD-40D0-8DA2-019A1A2285DF}.Release|Any CPU.ActiveCfg = Release|Any CPU
		{F170ACA9-0EFD-40D0-8DA2-019A1A2285DF}.Release|Any CPU.Build.0 = Release|Any CPU
		{9742606B-A99E-4C44-9D17-8BFB267C55C1}.Debug|Any CPU.ActiveCfg = Debug|Any CPU
		{9742606B-A99E-4C44-9D17-8BFB267C55C1}.Debug|Any CPU.Build.0 = Debug|Any CPU
		{9742606B-A99E-4C44-9D17-8BFB267C55C1}.Release|Any CPU.ActiveCfg = Release|Any CPU
		{9742606B-A99E-4C44-9D17-8BFB267C55C1}.Release|Any CPU.Build.0 = Release|Any CPU
	EndGlobalSection
	GlobalSection(NestedProjects) = preSolution
		{5B4BAD87-582A-48BA-B781-E6090B4033EF} = {04C5F653-85C9-47A5-AF77-E351768E7A8A}
		{4D290CF9-4BBC-48E4-A94C-C4F52DD6FBC3} = {04C5F653-85C9-47A5-AF77-E351768E7A8A}
		{C026181F-9A5C-4486-A2CD-C2A8C5492ACC} = {04C5F653-85C9-47A5-AF77-E351768E7A8A}
		{84019C2F-9C1B-4135-BB9F-C4C36DEDCAC5} = {04C5F653-85C9-47A5-AF77-E351768E7A8A}
		{9348D81D-27CC-47AC-B1B4-6757047CE0C9} = {04C5F653-85C9-47A5-AF77-E351768E7A8A}
		{4FC7007A-488B-4E7F-A3ED-DCAE0DC2CE7D} = {DCADB866-7193-4C75-8F45-5E614D4F2ADF}
		{1A4339AA-1D37-4211-80EA-C4FF9677889F} = {DCADB866-7193-4C75-8F45-5E614D4F2ADF}
		{DACF5930-E726-40A4-BCCA-9AD5584C6822} = {DCADB866-7193-4C75-8F45-5E614D4F2ADF}
		{821555E3-66DC-4798-AAE2-D9F718CCB63E} = {DCADB866-7193-4C75-8F45-5E614D4F2ADF}
		{76D4CF7E-4929-4386-A951-6CC1C761B310} = {DCADB866-7193-4C75-8F45-5E614D4F2ADF}
		{B54B1A5D-AA51-4526-B28A-FF117D4D1018} = {E35031AA-F4E1-4E48-A2A3-7F1719E70C1A}
		{FE806A0A-0A98-4CFE-BC01-5E4785B210A5} = {E35031AA-F4E1-4E48-A2A3-7F1719E70C1A}
		{AC5C2133-4D2E-47B1-8017-97A171689F4F} = {E35031AA-F4E1-4E48-A2A3-7F1719E70C1A}
		{016661B5-B1AE-477A-BF05-B92D1C59412A} = {E35031AA-F4E1-4E48-A2A3-7F1719E70C1A}
		{13F17D59-610E-4013-A946-A9DBE47557CB} = {E35031AA-F4E1-4E48-A2A3-7F1719E70C1A}
		{6A257FBC-D323-4982-B225-D22C5EEB94FA} = {E35031AA-F4E1-4E48-A2A3-7F1719E70C1A}
		{049BF93B-2BE3-48C1-AE5E-C76FCBCBAB49} = {E35031AA-F4E1-4E48-A2A3-7F1719E70C1A}
		{1C38517B-C55D-41D7-96EB-61C2BFC1E06B} = {E35031AA-F4E1-4E48-A2A3-7F1719E70C1A}
		{72E0D290-9790-463E-8883-5B88B806E3E6} = {E35031AA-F4E1-4E48-A2A3-7F1719E70C1A}
		{A93E95C9-C97C-4E3D-A0D8-6E37D945EAEA} = {E35031AA-F4E1-4E48-A2A3-7F1719E70C1A}
		{566785AE-B0A5-48F7-801E-6CF0AFF4A23A} = {078BDC10-256C-40EC-9FE8-ED4ABEB2B1A3}
		{F170ACA9-0EFD-40D0-8DA2-019A1A2285DF} = {0A3E2A39-DC5F-4657-981A-D531997610EB}
		{9742606B-A99E-4C44-9D17-8BFB267C55C1} = {078BDC10-256C-40EC-9FE8-ED4ABEB2B1A3}
	EndGlobalSection
EndGlobal
